
Microsoft Visual Studio Solution File, Format Version 12.00
# Visual Studio 2012
Project("{FAE04EC0-301F-11D3-BF4B-00C04F79EFBC}") = "SaveMe", "SaveMe\SaveMe\SaveMe.csproj", "{8AF5B25D-860F-46C4-B142-BA25C8A79173}"
EndProject
Project("{FAE04EC0-301F-11D3-BF4B-00C04F79EFBC}") = "SaveMeProject", "SaveMe\SaveMeProject\SaveMeProject.csproj", "{A0AA5B89-9240-42D2-B6E6-C144467801AB}"
EndProject
Global
	GlobalSection(SolutionConfigurationPlatforms) = preSolution
		Debug|Any CPU = Debug|Any CPU
		Release|Any CPU = Release|Any CPU
	EndGlobalSection
	GlobalSection(ProjectConfigurationPlatforms) = postSolution
		{8AF5B25D-860F-46C4-B142-BA25C8A79173}.Debug|Any CPU.ActiveCfg = Debug|Any CPU
		{8AF5B25D-860F-46C4-B142-BA25C8A79173}.Debug|Any CPU.Build.0 = Debug|Any CPU
		{8AF5B25D-860F-46C4-B142-BA25C8A79173}.Release|Any CPU.ActiveCfg = Release|Any CPU
		{8AF5B25D-860F-46C4-B142-BA25C8A79173}.Release|Any CPU.Build.0 = Release|Any CPU
		{A0AA5B89-9240-42D2-B6E6-C144467801AB}.Debug|Any CPU.ActiveCfg = Debug|Any CPU
		{A0AA5B89-9240-42D2-B6E6-C144467801AB}.Debug|Any CPU.Build.0 = Debug|Any CPU
		{A0AA5B89-9240-42D2-B6E6-C144467801AB}.Release|Any CPU.ActiveCfg = Release|Any CPU
		{A0AA5B89-9240-42D2-B6E6-C144467801AB}.Release|Any CPU.Build.0 = Release|Any CPU
	EndGlobalSection
	GlobalSection(SolutionProperties) = preSolution
		HideSolutionNode = FALSE
	EndGlobalSection
EndGlobal
